
Microsoft Visual Studio Solution File, Format Version 12.00
# Visual Studio Version 17
VisualStudioVersion = 17.7.34031.279
MinimumVisualStudioVersion = 10.0.40219.1
Project("{888888A0-9F3D-457C-B088-3A5042F75D52}") = "ConfidenceIntervalGenerator", "ConfidenceIntervalGenerator.pyproj", "{3E722418-65E1-4D7A-893F-38322B8D3707}"
EndProject
Global
	GlobalSection(SolutionConfigurationPlatforms) = preSolution
		Debug|Any CPU = Debug|Any CPU
		Release|Any CPU = Release|Any CPU
	EndGlobalSection
	GlobalSection(ProjectConfigurationPlatforms) = postSolution
		{3E722418-65E1-4D7A-893F-38322B8D3707}.Debug|Any CPU.ActiveCfg = Debug|Any CPU
		{3E722418-65E1-4D7A-893F-38322B8D3707}.Release|Any CPU.ActiveCfg = Release|Any CPU
	EndGlobalSection
	GlobalSection(SolutionProperties) = preSolution
		HideSolutionNode = FALSE
	EndGlobalSection
	GlobalSection(ExtensibilityGlobals) = postSolution
		SolutionGuid = {863DE889-803F-4BF0-9367-E452897F4126}
	EndGlobalSection
EndGlobal
